// !$*UTF8*$!
{
	archiveVersion = 1;
	classes = {
	};
	objectVersion = 46;
	objects = {

/* Begin PBXBuildFile section */
		686CCDC81D332D6E00F24328 /* AppDelegate.swift in Sources */ = {isa = PBXBuildFile; fileRef = 686CCDC71D332D6E00F24328 /* AppDelegate.swift */; };
		686CCDCA1D332D6E00F24328 /* ViewController.swift in Sources */ = {isa = PBXBuildFile; fileRef = 686CCDC91D332D6E00F24328 /* ViewController.swift */; };
		686CCDCD1D332D6E00F24328 /* Main.storyboard in Resources */ = {isa = PBXBuildFile; fileRef = 686CCDCB1D332D6E00F24328 /* Main.storyboard */; };
		686CCDCF1D332D6E00F24328 /* Assets.xcassets in Resources */ = {isa = PBXBuildFile; fileRef = 686CCDCE1D332D6E00F24328 /* Assets.xcassets */; };
		686CCDD21D332D6E00F24328 /* LaunchScreen.storyboard in Resources */ = {isa = PBXBuildFile; fileRef = 686CCDD01D332D6E00F24328 /* LaunchScreen.storyboard */; };
		686CCDDD1D332D6E00F24328 /* MyScrollViewTests.swift in Sources */ = {isa = PBXBuildFile; fileRef = 686CCDDC1D332D6E00F24328 /* MyScrollViewTests.swift */; };
		686CCDE81D332D6E00F24328 /* MyScrollViewUITests.swift in Sources */ = {isa = PBXBuildFile; fileRef = 686CCDE71D332D6E00F24328 /* MyScrollViewUITests.swift */; };
		686CCDF61D332D7F00F24328 /* Data.json in Resources */ = {isa = PBXBuildFile; fileRef = 686CCDF51D332D7F00F24328 /* Data.json */; };
		686CCDF81D332E2900F24328 /* DataModel.swift in Sources */ = {isa = PBXBuildFile; fileRef = 686CCDF71D332E2900F24328 /* DataModel.swift */; };
		686CCDFA1D332E4100F24328 /* TopScrollView.swift in Sources */ = {isa = PBXBuildFile; fileRef = 686CCDF91D332E4000F24328 /* TopScrollView.swift */; };
		686CCDFC1D332E5F00F24328 /* ViewController1.swift in Sources */ = {isa = PBXBuildFile; fileRef = 686CCDFB1D332E5F00F24328 /* ViewController1.swift */; };
		686CCE1F1D33401100F24328 /* MKAnnotationView+WebCache.m in Sources */ = {isa = PBXBuildFile; fileRef = 686CCDFF1D33401100F24328 /* MKAnnotationView+WebCache.m */; };
		686CCE201D33401100F24328 /* NSData+ImageContentType.m in Sources */ = {isa = PBXBuildFile; fileRef = 686CCE011D33401100F24328 /* NSData+ImageContentType.m */; };
		686CCE211D33401100F24328 /* SDImageCache.m in Sources */ = {isa = PBXBuildFile; fileRef = 686CCE031D33401100F24328 /* SDImageCache.m */; };
		686CCE221D33401100F24328 /* SDWebImageCompat.m in Sources */ = {isa = PBXBuildFile; fileRef = 686CCE051D33401100F24328 /* SDWebImageCompat.m */; };
		686CCE231D33401100F24328 /* SDWebImageDecoder.m in Sources */ = {isa = PBXBuildFile; fileRef = 686CCE071D33401100F24328 /* SDWebImageDecoder.m */; };
		686CCE241D33401100F24328 /* SDWebImageDownloader.m in Sources */ = {isa = PBXBuildFile; fileRef = 686CCE091D33401100F24328 /* SDWebImageDownloader.m */; };
		686CCE251D33401100F24328 /* SDWebImageDownloaderOperation.m in Sources */ = {isa = PBXBuildFile; fileRef = 686CCE0B1D33401100F24328 /* SDWebImageDownloaderOperation.m */; };
		686CCE261D33401100F24328 /* SDWebImageManager.m in Sources */ = {isa = PBXBuildFile; fileRef = 686CCE0D1D33401100F24328 /* SDWebImageManager.m */; };
		686CCE271D33401100F24328 /* SDWebImagePrefetcher.m in Sources */ = {isa = PBXBuildFile; fileRef = 686CCE101D33401100F24328 /* SDWebImagePrefetcher.m */; };
		686CCE281D33401100F24328 /* UIButton+WebCache.m in Sources */ = {isa = PBXBuildFile; fileRef = 686CCE121D33401100F24328 /* UIButton+WebCache.m */; };
		686CCE291D33401100F24328 /* UIImage+GIF.m in Sources */ = {isa = PBXBuildFile; fileRef = 686CCE141D33401100F24328 /* UIImage+GIF.m */; };
		686CCE2A1D33401100F24328 /* UIImage+MultiFormat.m in Sources */ = {isa = PBXBuildFile; fileRef = 686CCE161D33401100F24328 /* UIImage+MultiFormat.m */; };
		686CCE2B1D33401100F24328 /* UIImage+WebP.m in Sources */ = {isa = PBXBuildFile; fileRef = 686CCE181D33401100F24328 /* UIImage+WebP.m */; };
		686CCE2C1D33401100F24328 /* UIImageView+HighlightedWebCache.m in Sources */ = {isa = PBXBuildFile; fileRef = 686CCE1A1D33401100F24328 /* UIImageView+HighlightedWebCache.m */; };
		686CCE2D1D33401100F24328 /* UIImageView+WebCache.m in Sources */ = {isa = PBXBuildFile; fileRef = 686CCE1C1D33401100F24328 /* UIImageView+WebCache.m */; };
		686CCE2E1D33401100F24328 /* UIView+WebCacheOperation.m in Sources */ = {isa = PBXBuildFile; fileRef = 686CCE1E1D33401100F24328 /* UIView+WebCacheOperation.m */; };
		686CCE321D3346F600F24328 /* News_Pic_Number01@2x.png in Resources */ = {isa = PBXBuildFile; fileRef = 686CCE301D3346F600F24328 /* News_Pic_Number01@2x.png */; };
		686CCE331D3346F600F24328 /* News_Pic_Number02@2x.png in Resources */ = {isa = PBXBuildFile; fileRef = 686CCE311D3346F600F24328 /* News_Pic_Number02@2x.png */; };
/* End PBXBuildFile section */

/* Begin PBXContainerItemProxy section */
		686CCDD91D332D6E00F24328 /* PBXContainerItemProxy */ = {
			isa = PBXContainerItemProxy;
			containerPortal = 686CCDBC1D332D6E00F24328 /* Project object */;
			proxyType = 1;
			remoteGlobalIDString = 686CCDC31D332D6E00F24328;
			remoteInfo = MyScrollView;
		};
		686CCDE41D332D6E00F24328 /* PBXContainerItemProxy */ = {
			isa = PBXContainerItemProxy;
			containerPortal = 686CCDBC1D332D6E00F24328 /* Project object */;
			proxyType = 1;
			remoteGlobalIDString = 686CCDC31D332D6E00F24328;
			remoteInfo = MyScrollView;
		};
/* End PBXContainerItemProxy section */

/* Begin PBXFileReference section */
		686CCDC41D332D6E00F24328 /* MyScrollView.app */ = {isa = PBXFileReference; explicitFileType = wrapper.application; includeInIndex = 0; path = MyScrollView.app; sourceTree = BUILT_PRODUCTS_DIR; };
		686CCDC71D332D6E00F24328 /* AppDelegate.swift */ = {isa = PBXFileReference; lastKnownFileType = sourcecode.swift; path = AppDelegate.swift; sourceTree = "<group>"; };
		686CCDC91D332D6E00F24328 /* ViewController.swift */ = {isa = PBXFileReference; lastKnownFileType = sourcecode.swift; path = ViewController.swift; sourceTree = "<group>"; };
		686CCDCC1D332D6E00F24328 /* Base */ = {isa = PBXFileReference; lastKnownFileType = file.storyboard; name = Base; path = Base.lproj/Main.storyboard; sourceTree = "<group>"; };
		686CCDCE1D332D6E00F24328 /* Assets.xcassets */ = {isa = PBXFileReference; lastKnownFileType = folder.assetcatalog; path = Assets.xcassets; sourceTree = "<group>"; };
		686CCDD11D332D6E00F24328 /* Base */ = {isa = PBXFileReference; lastKnownFileType = file.storyboard; name = Base; path = Base.lproj/LaunchScreen.storyboard; sourceTree = "<group>"; };
		686CCDD31D332D6E00F24328 /* Info.plist */ = {isa = PBXFileReference; lastKnownFileType = text.plist.xml; path = Info.plist; sourceTree = "<group>"; };
		686CCDD81D332D6E00F24328 /* MyScrollViewTests.xctest */ = {isa = PBXFileReference; explicitFileType = wrapper.cfbundle; includeInIndex = 0; path = MyScrollViewTests.xctest; sourceTree = BUILT_PRODUCTS_DIR; };
		686CCDDC1D332D6E00F24328 /* MyScrollViewTests.swift */ = {isa = PBXFileReference; lastKnownFileType = sourcecode.swift; path = MyScrollViewTests.swift; sourceTree = "<group>"; };
		686CCDDE1D332D6E00F24328 /* Info.plist */ = {isa = PBXFileReference; lastKnownFileType = text.plist.xml; path = Info.plist; sourceTree = "<group>"; };
		686CCDE31D332D6E00F24328 /* MyScrollViewUITests.xctest */ = {isa = PBXFileReference; explicitFileType = wrapper.cfbundle; includeInIndex = 0; path = MyScrollViewUITests.xctest; sourceTree = BUILT_PRODUCTS_DIR; };
		686CCDE71D332D6E00F24328 /* MyScrollViewUITests.swift */ = {isa = PBXFileReference; lastKnownFileType = sourcecode.swift; path = MyScrollViewUITests.swift; sourceTree = "<group>"; };
		686CCDE91D332D6E00F24328 /* Info.plist */ = {isa = PBXFileReference; lastKnownFileType = text.plist.xml; path = Info.plist; sourceTree = "<group>"; };
		686CCDF51D332D7F00F24328 /* Data.json */ = {isa = PBXFileReference; fileEncoding = 4; lastKnownFileType = text.json; path = Data.json; sourceTree = "<group>"; };
		686CCDF71D332E2900F24328 /* DataModel.swift */ = {isa = PBXFileReference; fileEncoding = 4; lastKnownFileType = sourcecode.swift; path = DataModel.swift; sourceTree = "<group>"; };
		686CCDF91D332E4000F24328 /* TopScrollView.swift */ = {isa = PBXFileReference; fileEncoding = 4; lastKnownFileType = sourcecode.swift; path = TopScrollView.swift; sourceTree = "<group>"; };
		686CCDFB1D332E5F00F24328 /* ViewController1.swift */ = {isa = PBXFileReference; fileEncoding = 4; lastKnownFileType = sourcecode.swift; path = ViewController1.swift; sourceTree = "<group>"; };
		686CCDFE1D33401100F24328 /* MKAnnotationView+WebCache.h */ = {isa = PBXFileReference; fileEncoding = 4; lastKnownFileType = sourcecode.c.h; path = "MKAnnotationView+WebCache.h"; sourceTree = "<group>"; };
		686CCDFF1D33401100F24328 /* MKAnnotationView+WebCache.m */ = {isa = PBXFileReference; fileEncoding = 4; lastKnownFileType = sourcecode.c.objc; path = "MKAnnotationView+WebCache.m"; sourceTree = "<group>"; };
		686CCE001D33401100F24328 /* NSData+ImageContentType.h */ = {isa = PBXFileReference; fileEncoding = 4; lastKnownFileType = sourcecode.c.h; path = "NSData+ImageContentType.h"; sourceTree = "<group>"; };
		686CCE011D33401100F24328 /* NSData+ImageContentType.m */ = {isa = PBXFileReference; fileEncoding = 4; lastKnownFileType = sourcecode.c.objc; path = "NSData+ImageContentType.m"; sourceTree = "<group>"; };
		686CCE021D33401100F24328 /* SDImageCache.h */ = {isa = PBXFileReference; fileEncoding = 4; lastKnownFileType = sourcecode.c.h; path = SDImageCache.h; sourceTree = "<group>"; };
		686CCE031D33401100F24328 /* SDImageCache.m */ = {isa = PBXFileReference; fileEncoding = 4; lastKnownFileType = sourcecode.c.objc; path = SDImageCache.m; sourceTree = "<group>"; };
		686CCE041D33401100F24328 /* SDWebImageCompat.h */ = {isa = PBXFileReference; fileEncoding = 4; lastKnownFileType = sourcecode.c.h; path = SDWebImageCompat.h; sourceTree = "<group>"; };
		686CCE051D33401100F24328 /* SDWebImageCompat.m */ = {isa = PBXFileReference; fileEncoding = 4; lastKnownFileType = sourcecode.c.objc; path = SDWebImageCompat.m; sourceTree = "<group>"; };
		686CCE061D33401100F24328 /* SDWebImageDecoder.h */ = {isa = PBXFileReference; fileEncoding = 4; lastKnownFileType = sourcecode.c.h; path = SDWebImageDecoder.h; sourceTree = "<group>"; };
		686CCE071D33401100F24328 /* SDWebImageDecoder.m */ = {isa = PBXFileReference; fileEncoding = 4; lastKnownFileType = sourcecode.c.objc; path = SDWebImageDecoder.m; sourceTree = "<group>"; };
		686CCE081D33401100F24328 /* SDWebImageDownloader.h */ = {isa = PBXFileReference; fileEncoding = 4; lastKnownFileType = sourcecode.c.h; path = SDWebImageDownloader.h; sourceTree = "<group>"; };
		686CCE091D33401100F24328 /* SDWebImageDownloader.m */ = {isa = PBXFileReference; fileEncoding = 4; lastKnownFileType = sourcecode.c.objc; path = SDWebImageDownloader.m; sourceTree = "<group>"; };
		686CCE0A1D33401100F24328 /* SDWebImageDownloaderOperation.h */ = {isa = PBXFileReference; fileEncoding = 4; lastKnownFileType = sourcecode.c.h; path = SDWebImageDownloaderOperation.h; sourceTree = "<group>"; };
		686CCE0B1D33401100F24328 /* SDWebImageDownloaderOperation.m */ = {isa = PBXFileReference; fileEncoding = 4; lastKnownFileType = sourcecode.c.objc; path = SDWebImageDownloaderOperation.m; sourceTree = "<group>"; };
		686CCE0C1D33401100F24328 /* SDWebImageManager.h */ = {isa = PBXFileReference; fileEncoding = 4; lastKnownFileType = sourcecode.c.h; path = SDWebImageManager.h; sourceTree = "<group>"; };
		686CCE0D1D33401100F24328 /* SDWebImageManager.m */ = {isa = PBXFileReference; fileEncoding = 4; lastKnownFileType = sourcecode.c.objc; path = SDWebImageManager.m; sourceTree = "<group>"; };
		686CCE0E1D33401100F24328 /* SDWebImageOperation.h */ = {isa = PBXFileReference; fileEncoding = 4; lastKnownFileType = sourcecode.c.h; path = SDWebImageOperation.h; sourceTree = "<group>"; };
		686CCE0F1D33401100F24328 /* SDWebImagePrefetcher.h */ = {isa = PBXFileReference; fileEncoding = 4; lastKnownFileType = sourcecode.c.h; path = SDWebImagePrefetcher.h; sourceTree = "<group>"; };
		686CCE101D33401100F24328 /* SDWebImagePrefetcher.m */ = {isa = PBXFileReference; fileEncoding = 4; lastKnownFileType = sourcecode.c.objc; path = SDWebImagePrefetcher.m; sourceTree = "<group>"; };
		686CCE111D33401100F24328 /* UIButton+WebCache.h */ = {isa = PBXFileReference; fileEncoding = 4; lastKnownFileType = sourcecode.c.h; path = "UIButton+WebCache.h"; sourceTree = "<group>"; };
		686CCE121D33401100F24328 /* UIButton+WebCache.m */ = {isa = PBXFileReference; fileEncoding = 4; lastKnownFileType = sourcecode.c.objc; path = "UIButton+WebCache.m"; sourceTree = "<group>"; };
		686CCE131D33401100F24328 /* UIImage+GIF.h */ = {isa = PBXFileReference; fileEncoding = 4; lastKnownFileType = sourcecode.c.h; path = "UIImage+GIF.h"; sourceTree = "<group>"; };
		686CCE141D33401100F24328 /* UIImage+GIF.m */ = {isa = PBXFileReference; fileEncoding = 4; lastKnownFileType = sourcecode.c.objc; path = "UIImage+GIF.m"; sourceTree = "<group>"; };
		686CCE151D33401100F24328 /* UIImage+MultiFormat.h */ = {isa = PBXFileReference; fileEncoding = 4; lastKnownFileType = sourcecode.c.h; path = "UIImage+MultiFormat.h"; sourceTree = "<group>"; };
		686CCE161D33401100F24328 /* UIImage+MultiFormat.m */ = {isa = PBXFileReference; fileEncoding = 4; lastKnownFileType = sourcecode.c.objc; path = "UIImage+MultiFormat.m"; sourceTree = "<group>"; };
		686CCE171D33401100F24328 /* UIImage+WebP.h */ = {isa = PBXFileReference; fileEncoding = 4; lastKnownFileType = sourcecode.c.h; path = "UIImage+WebP.h"; sourceTree = "<group>"; };
		686CCE181D33401100F24328 /* UIImage+WebP.m */ = {isa = PBXFileReference; fileEncoding = 4; lastKnownFileType = sourcecode.c.objc; path = "UIImage+WebP.m"; sourceTree = "<group>"; };
		686CCE191D33401100F24328 /* UIImageView+HighlightedWebCache.h */ = {isa = PBXFileReference; fileEncoding = 4; lastKnownFileType = sourcecode.c.h; path = "UIImageView+HighlightedWebCache.h"; sourceTree = "<group>"; };
		686CCE1A1D33401100F24328 /* UIImageView+HighlightedWebCache.m */ = {isa = PBXFileReference; fileEncoding = 4; lastKnownFileType = sourcecode.c.objc; path = "UIImageView+HighlightedWebCache.m"; sourceTree = "<group>"; };
		686CCE1B1D33401100F24328 /* UIImageView+WebCache.h */ = {isa = PBXFileReference; fileEncoding = 4; lastKnownFileType = sourcecode.c.h; path = "UIImageView+WebCache.h"; sourceTree = "<group>"; };
		686CCE1C1D33401100F24328 /* UIImageView+WebCache.m */ = {isa = PBXFileReference; fileEncoding = 4; lastKnownFileType = sourcecode.c.objc; path = "UIImageView+WebCache.m"; sourceTree = "<group>"; };
		686CCE1D1D33401100F24328 /* UIView+WebCacheOperation.h */ = {isa = PBXFileReference; fileEncoding = 4; lastKnownFileType = sourcecode.c.h; path = "UIView+WebCacheOperation.h"; sourceTree = "<group>"; };
		686CCE1E1D33401100F24328 /* UIView+WebCacheOperation.m */ = {isa = PBXFileReference; fileEncoding = 4; lastKnownFileType = sourcecode.c.objc; path = "UIView+WebCacheOperation.m"; sourceTree = "<group>"; };
		686CCE2F1D3340D500F24328 /* MyScrollView-Bridging-Header.h */ = {isa = PBXFileReference; lastKnownFileType = sourcecode.c.h; path = "MyScrollView-Bridging-Header.h"; sourceTree = "<group>"; };
		686CCE301D3346F600F24328 /* News_Pic_Number01@2x.png */ = {isa = PBXFileReference; lastKnownFileType = image.png; path = "News_Pic_Number01@2x.png"; sourceTree = "<group>"; };
		686CCE311D3346F600F24328 /* News_Pic_Number02@2x.png */ = {isa = PBXFileReference; lastKnownFileType = image.png; path = "News_Pic_Number02@2x.png"; sourceTree = "<group>"; };
/* End PBXFileReference section */

/* Begin PBXFrameworksBuildPhase section */
		686CCDC11D332D6E00F24328 /* Frameworks */ = {
			isa = PBXFrameworksBuildPhase;
			buildActionMask = 2147483647;
			files = (
			);
			runOnlyForDeploymentPostprocessing = 0;
		};
		686CCDD51D332D6E00F24328 /* Frameworks */ = {
			isa = PBXFrameworksBuildPhase;
			buildActionMask = 2147483647;
			files = (
			);
			runOnlyForDeploymentPostprocessing = 0;
		};
		686CCDE01D332D6E00F24328 /* Frameworks */ = {
			isa = PBXFrameworksBuildPhase;
			buildActionMask = 2147483647;
			files = (
			);
			runOnlyForDeploymentPostprocessing = 0;
		};
/* End PBXFrameworksBuildPhase section */

/* Begin PBXGroup section */
		686CCDBB1D332D6E00F24328 = {
			isa = PBXGroup;
			children = (
				686CCDC61D332D6E00F24328 /* MyScrollView */,
				686CCDDB1D332D6E00F24328 /* MyScrollViewTests */,
				686CCDE61D332D6E00F24328 /* MyScrollViewUITests */,
				686CCDC51D332D6E00F24328 /* Products */,
			);
			sourceTree = "<group>";
		};
		686CCDC51D332D6E00F24328 /* Products */ = {
			isa = PBXGroup;
			children = (
				686CCDC41D332D6E00F24328 /* MyScrollView.app */,
				686CCDD81D332D6E00F24328 /* MyScrollViewTests.xctest */,
				686CCDE31D332D6E00F24328 /* MyScrollViewUITests.xctest */,
			);
			name = Products;
			sourceTree = "<group>";
		};
		686CCDC61D332D6E00F24328 /* MyScrollView */ = {
			isa = PBXGroup;
			children = (
				686CCDC71D332D6E00F24328 /* AppDelegate.swift */,
				686CCDC91D332D6E00F24328 /* ViewController.swift */,
				686CCDFB1D332E5F00F24328 /* ViewController1.swift */,
				686CCDF91D332E4000F24328 /* TopScrollView.swift */,
				686CCDF71D332E2900F24328 /* DataModel.swift */,
				686CCE301D3346F600F24328 /* News_Pic_Number01@2x.png */,
				686CCE311D3346F600F24328 /* News_Pic_Number02@2x.png */,
				686CCDFD1D33401100F24328 /* SDWebImageNew */,
				686CCDF51D332D7F00F24328 /* Data.json */,
				686CCE2F1D3340D500F24328 /* MyScrollView-Bridging-Header.h */,
				686CCDCB1D332D6E00F24328 /* Main.storyboard */,
				686CCDCE1D332D6E00F24328 /* Assets.xcassets */,
				686CCDD01D332D6E00F24328 /* LaunchScreen.storyboard */,
				686CCDD31D332D6E00F24328 /* Info.plist */,
			);
			path = MyScrollView;
			sourceTree = "<group>";
		};
		686CCDDB1D332D6E00F24328 /* MyScrollViewTests */ = {
			isa = PBXGroup;
			children = (
				686CCDDC1D332D6E00F24328 /* MyScrollViewTests.swift */,
				686CCDDE1D332D6E00F24328 /* Info.plist */,
			);
			path = MyScrollViewTests;
			sourceTree = "<group>";
		};
		686CCDE61D332D6E00F24328 /* MyScrollViewUITests */ = {
			isa = PBXGroup;
			children = (
				686CCDE71D332D6E00F24328 /* MyScrollViewUITests.swift */,
				686CCDE91D332D6E00F24328 /* Info.plist */,
			);
			path = MyScrollViewUITests;
			sourceTree = "<group>";
		};
		686CCDFD1D33401100F24328 /* SDWebImageNew */ = {
			isa = PBXGroup;
			children = (
				686CCDFE1D33401100F24328 /* MKAnnotationView+WebCache.h */,
				686CCDFF1D33401100F24328 /* MKAnnotationView+WebCache.m */,
				686CCE001D33401100F24328 /* NSData+ImageContentType.h */,
				686CCE011D33401100F24328 /* NSData+ImageContentType.m */,
				686CCE021D33401100F24328 /* SDImageCache.h */,
				686CCE031D33401100F24328 /* SDImageCache.m */,
				686CCE041D33401100F24328 /* SDWebImageCompat.h */,
				686CCE051D33401100F24328 /* SDWebImageCompat.m */,
				686CCE061D33401100F24328 /* SDWebImageDecoder.h */,
				686CCE071D33401100F24328 /* SDWebImageDecoder.m */,
				686CCE081D33401100F24328 /* SDWebImageDownloader.h */,
				686CCE091D33401100F24328 /* SDWebImageDownloader.m */,
				686CCE0A1D33401100F24328 /* SDWebImageDownloaderOperation.h */,
				686CCE0B1D33401100F24328 /* SDWebImageDownloaderOperation.m */,
				686CCE0C1D33401100F24328 /* SDWebImageManager.h */,
				686CCE0D1D33401100F24328 /* SDWebImageManager.m */,
				686CCE0E1D33401100F24328 /* SDWebImageOperation.h */,
				686CCE0F1D33401100F24328 /* SDWebImagePrefetcher.h */,
				686CCE101D33401100F24328 /* SDWebImagePrefetcher.m */,
				686CCE111D33401100F24328 /* UIButton+WebCache.h */,
				686CCE121D33401100F24328 /* UIButton+WebCache.m */,
				686CCE131D33401100F24328 /* UIImage+GIF.h */,
				686CCE141D33401100F24328 /* UIImage+GIF.m */,
				686CCE151D33401100F24328 /* UIImage+MultiFormat.h */,
				686CCE161D33401100F24328 /* UIImage+MultiFormat.m */,
				686CCE171D33401100F24328 /* UIImage+WebP.h */,
				686CCE181D33401100F24328 /* UIImage+WebP.m */,
				686CCE191D33401100F24328 /* UIImageView+HighlightedWebCache.h */,
				686CCE1A1D33401100F24328 /* UIImageView+HighlightedWebCache.m */,
				686CCE1B1D33401100F24328 /* UIImageView+WebCache.h */,
				686CCE1C1D33401100F24328 /* UIImageView+WebCache.m */,
				686CCE1D1D33401100F24328 /* UIView+WebCacheOperation.h */,
				686CCE1E1D33401100F24328 /* UIView+WebCacheOperation.m */,
			);
			path = SDWebImageNew;
			sourceTree = "<group>";
		};
/* End PBXGroup section */

/* Begin PBXNativeTarget section */
		686CCDC31D332D6E00F24328 /* MyScrollView */ = {
			isa = PBXNativeTarget;
			buildConfigurationList = 686CCDEC1D332D6E00F24328 /* Build configuration list for PBXNativeTarget "MyScrollView" */;
			buildPhases = (
				686CCDC01D332D6E00F24328 /* Sources */,
				686CCDC11D332D6E00F24328 /* Frameworks */,
				686CCDC21D332D6E00F24328 /* Resources */,
			);
			buildRules = (
			);
			dependencies = (
			);
			name = MyScrollView;
			productName = MyScrollView;
			productReference = 686CCDC41D332D6E00F24328 /* MyScrollView.app */;
			productType = "com.apple.product-type.application";
		};
		686CCDD71D332D6E00F24328 /* MyScrollViewTests */ = {
			isa = PBXNativeTarget;
			buildConfigurationList = 686CCDEF1D332D6E00F24328 /* Build configuration list for PBXNativeTarget "MyScrollViewTests" */;
			buildPhases = (
				686CCDD41D332D6E00F24328 /* Sources */,
				686CCDD51D332D6E00F24328 /* Frameworks */,
				686CCDD61D332D6E00F24328 /* Resources */,
			);
			buildRules = (
			);
			dependencies = (
				686CCDDA1D332D6E00F24328 /* PBXTargetDependency */,
			);
			name = MyScrollViewTests;
			productName = MyScrollViewTests;
			productReference = 686CCDD81D332D6E00F24328 /* MyScrollViewTests.xctest */;
			productType = "com.apple.product-type.bundle.unit-test";
		};
		686CCDE21D332D6E00F24328 /* MyScrollViewUITests */ = {
			isa = PBXNativeTarget;
			buildConfigurationList = 686CCDF21D332D6E00F24328 /* Build configuration list for PBXNativeTarget "MyScrollViewUITests" */;
			buildPhases = (
				686CCDDF1D332D6E00F24328 /* Sources */,
				686CCDE01D332D6E00F24328 /* Frameworks */,
				686CCDE11D332D6E00F24328 /* Resources */,
			);
			buildRules = (
			);
			dependencies = (
				686CCDE51D332D6E00F24328 /* PBXTargetDependency */,
			);
			name = MyScrollViewUITests;
			productName = MyScrollViewUITests;
			productReference = 686CCDE31D332D6E00F24328 /* MyScrollViewUITests.xctest */;
			productType = "com.apple.product-type.bundle.ui-testing";
		};
/* End PBXNativeTarget section */

/* Begin PBXProject section */
		686CCDBC1D332D6E00F24328 /* Project object */ = {
			isa = PBXProject;
			attributes = {
				LastSwiftUpdateCheck = 0730;
				LastUpgradeCheck = 0730;
				ORGANIZATIONNAME = CodingFire;
				TargetAttributes = {
					686CCDC31D332D6E00F24328 = {
						CreatedOnToolsVersion = 7.3.1;
					};
					686CCDD71D332D6E00F24328 = {
						CreatedOnToolsVersion = 7.3.1;
						TestTargetID = 686CCDC31D332D6E00F24328;
					};
					686CCDE21D332D6E00F24328 = {
						CreatedOnToolsVersion = 7.3.1;
						TestTargetID = 686CCDC31D332D6E00F24328;
					};
				};
			};
			buildConfigurationList = 686CCDBF1D332D6E00F24328 /* Build configuration list for PBXProject "MyScrollView" */;
			compatibilityVersion = "Xcode 3.2";
			developmentRegion = English;
			hasScannedForEncodings = 0;
			knownRegions = (
				en,
				Base,
			);
			mainGroup = 686CCDBB1D332D6E00F24328;
			productRefGroup = 686CCDC51D332D6E00F24328 /* Products */;
			projectDirPath = "";
			projectRoot = "";
			targets = (
				686CCDC31D332D6E00F24328 /* MyScrollView */,
				686CCDD71D332D6E00F24328 /* MyScrollViewTests */,
				686CCDE21D332D6E00F24328 /* MyScrollViewUITests */,
			);
		};
/* End PBXProject section */

/* Begin PBXResourcesBuildPhase section */
		686CCDC21D332D6E00F24328 /* Resources */ = {
			isa = PBXResourcesBuildPhase;
			buildActionMask = 2147483647;
			files = (
				686CCDD21D332D6E00F24328 /* LaunchScreen.storyboard in Resources */,
				686CCDCF1D332D6E00F24328 /* Assets.xcassets in Resources */,
				686CCE321D3346F600F24328 /* News_Pic_Number01@2x.png in Resources */,
				686CCDCD1D332D6E00F24328 /* Main.storyboard in Resources */,
				686CCDF61D332D7F00F24328 /* Data.json in Resources */,
				686CCE331D3346F600F24328 /* News_Pic_Number02@2x.png in Resources */,
			);
			runOnlyForDeploymentPostprocessing = 0;
		};
		686CCDD61D332D6E00F24328 /* Resources */ = {
			isa = PBXResourcesBuildPhase;
			buildActionMask = 2147483647;
			files = (
			);
			runOnlyForDeploymentPostprocessing = 0;
		};
		686CCDE11D332D6E00F24328 /* Resources */ = {
			isa = PBXResourcesBuildPhase;
			buildActionMask = 2147483647;
			files = (
			);
			runOnlyForDeploymentPostprocessing = 0;
		};
/* End PBXResourcesBuildPhase section */

/* Begin PBXSourcesBuildPhase section */
		686CCDC01D332D6E00F24328 /* Sources */ = {
			isa = PBXSourcesBuildPhase;
			buildActionMask = 2147483647;
			files = (
				686CCDCA1D332D6E00F24328 /* ViewController.swift in Sources */,
				686CCE2C1D33401100F24328 /* UIImageView+HighlightedWebCache.m in Sources */,
				686CCE2D1D33401100F24328 /* UIImageView+WebCache.m in Sources */,
				686CCE2B1D33401100F24328 /* UIImage+WebP.m in Sources */,
				686CCE271D33401100F24328 /* SDWebImagePrefetcher.m in Sources */,
				686CCDFC1D332E5F00F24328 /* ViewController1.swift in Sources */,
				686CCE231D33401100F24328 /* SDWebImageDecoder.m in Sources */,
				686CCE241D33401100F24328 /* SDWebImageDownloader.m in Sources */,
				686CCDC81D332D6E00F24328 /* AppDelegate.swift in Sources */,
				686CCE261D33401100F24328 /* SDWebImageManager.m in Sources */,
				686CCE2E1D33401100F24328 /* UIView+WebCacheOperation.m in Sources */,
				686CCE281D33401100F24328 /* UIButton+WebCache.m in Sources */,
				686CCE2A1D33401100F24328 /* UIImage+MultiFormat.m in Sources */,
				686CCDF81D332E2900F24328 /* DataModel.swift in Sources */,
				686CCE251D33401100F24328 /* SDWebImageDownloaderOperation.m in Sources */,
				686CCE291D33401100F24328 /* UIImage+GIF.m in Sources */,
				686CCE221D33401100F24328 /* SDWebImageCompat.m in Sources */,
				686CCE201D33401100F24328 /* NSData+ImageContentType.m in Sources */,
				686CCDFA1D332E4100F24328 /* TopScrollView.swift in Sources */,
				686CCE1F1D33401100F24328 /* MKAnnotationView+WebCache.m in Sources */,
				686CCE211D33401100F24328 /* SDImageCache.m in Sources */,
			);
			runOnlyForDeploymentPostprocessing = 0;
		};
		686CCDD41D332D6E00F24328 /* Sources */ = {
			isa = PBXSourcesBuildPhase;
			buildActionMask = 2147483647;
			files = (
				686CCDDD1D332D6E00F24328 /* MyScrollViewTests.swift in Sources */,
			);
			runOnlyForDeploymentPostprocessing = 0;
		};
		686CCDDF1D332D6E00F24328 /* Sources */ = {
			isa = PBXSourcesBuildPhase;
			buildActionMask = 2147483647;
			files = (
				686CCDE81D332D6E00F24328 /* MyScrollViewUITests.swift in Sources */,
			);
			runOnlyForDeploymentPostprocessing = 0;
		};
/* End PBXSourcesBuildPhase section */

/* Begin PBXTargetDependency section */
		686CCDDA1D332D6E00F24328 /* PBXTargetDependency */ = {
			isa = PBXTargetDependency;
			target = 686CCDC31D332D6E00F24328 /* MyScrollView */;
			targetProxy = 686CCDD91D332D6E00F24328 /* PBXContainerItemProxy */;
		};
		686CCDE51D332D6E00F24328 /* PBXTargetDependency */ = {
			isa = PBXTargetDependency;
			target = 686CCDC31D332D6E00F24328 /* MyScrollView */;
			targetProxy = 686CCDE41D332D6E00F24328 /* PBXContainerItemProxy */;
		};
/* End PBXTargetDependency section */

/* Begin PBXVariantGroup section */
		686CCDCB1D332D6E00F24328 /* Main.storyboard */ = {
			isa = PBXVariantGroup;
			children = (
				686CCDCC1D332D6E00F24328 /* Base */,
			);
			name = Main.storyboard;
			sourceTree = "<group>";
		};
		686CCDD01D332D6E00F24328 /* LaunchScreen.storyboard */ = {
			isa = PBXVariantGroup;
			children = (
				686CCDD11D332D6E00F24328 /* Base */,
			);
			name = LaunchScreen.storyboard;
			sourceTree = "<group>";
		};
/* End PBXVariantGroup section */

/* Begin XCBuildConfiguration section */
		686CCDEA1D332D6E00F24328 /* Debug */ = {
			isa = XCBuildConfiguration;
			buildSettings = {
				ALWAYS_SEARCH_USER_PATHS = NO;
				CLANG_ANALYZER_NONNULL = YES;
				CLANG_CXX_LANGUAGE_STANDARD = "gnu++0x";
				CLANG_CXX_LIBRARY = "libc++";
				CLANG_ENABLE_MODULES = YES;
				CLANG_ENABLE_OBJC_ARC = YES;
				CLANG_WARN_BOOL_CONVERSION = YES;
				CLANG_WARN_CONSTANT_CONVERSION = YES;
				CLANG_WARN_DIRECT_OBJC_ISA_USAGE = YES_ERROR;
				CLANG_WARN_EMPTY_BODY = YES;
				CLANG_WARN_ENUM_CONVERSION = YES;
				CLANG_WARN_INT_CONVERSION = YES;
				CLANG_WARN_OBJC_ROOT_CLASS = YES_ERROR;
				CLANG_WARN_UNREACHABLE_CODE = YES;
				CLANG_WARN__DUPLICATE_METHOD_MATCH = YES;
				"CODE_SIGN_IDENTITY[sdk=iphoneos*]" = "iPhone Developer";
				COPY_PHASE_STRIP = NO;
				DEBUG_INFORMATION_FORMAT = dwarf;
				ENABLE_STRICT_OBJC_MSGSEND = YES;
				ENABLE_TESTABILITY = YES;
				GCC_C_LANGUAGE_STANDARD = gnu99;
				GCC_DYNAMIC_NO_PIC = NO;
				GCC_NO_COMMON_BLOCKS = YES;
				GCC_OPTIMIZATION_LEVEL = 0;
				GCC_PREPROCESSOR_DEFINITIONS = (
					"DEBUG=1",
					"$(inherited)",
				);
				GCC_WARN_64_TO_32_BIT_CONVERSION = YES;
				GCC_WARN_ABOUT_RETURN_TYPE = YES_ERROR;
				GCC_WARN_UNDECLARED_SELECTOR = YES;
				GCC_WARN_UNINITIALIZED_AUTOS = YES_AGGRESSIVE;
				GCC_WARN_UNUSED_FUNCTION = YES;
				GCC_WARN_UNUSED_VARIABLE = YES;
				IPHONEOS_DEPLOYMENT_TARGET = 9.3;
				MTL_ENABLE_DEBUG_INFO = YES;
				ONLY_ACTIVE_ARCH = YES;
				SDKROOT = iphoneos;
				SWIFT_OPTIMIZATION_LEVEL = "-Onone";
			};
			name = Debug;
		};
		686CCDEB1D332D6E00F24328 /* Release */ = {
			isa = XCBuildConfiguration;
			buildSettings = {
				ALWAYS_SEARCH_USER_PATHS = NO;
				CLANG_ANALYZER_NONNULL = YES;
				CLANG_CXX_LANGUAGE_STANDARD = "gnu++0x";
				CLANG_CXX_LIBRARY = "libc++";
				CLANG_ENABLE_MODULES = YES;
				CLANG_ENABLE_OBJC_ARC = YES;
				CLANG_WARN_BOOL_CONVERSION = YES;
				CLANG_WARN_CONSTANT_CONVERSION = YES;
				CLANG_WARN_DIRECT_OBJC_ISA_USAGE = YES_ERROR;
				CLANG_WARN_EMPTY_BODY = YES;
				CLANG_WARN_ENUM_CONVERSION = YES;
				CLANG_WARN_INT_CONVERSION = YES;
				CLANG_WARN_OBJC_ROOT_CLASS = YES_ERROR;
				CLANG_WARN_UNREACHABLE_CODE = YES;
				CLANG_WARN__DUPLICATE_METHOD_MATCH = YES;
				"CODE_SIGN_IDENTITY[sdk=iphoneos*]" = "iPhone Developer";
				COPY_PHASE_STRIP = NO;
				DEBUG_INFORMATION_FORMAT = "dwarf-with-dsym";
				ENABLE_NS_ASSERTIONS = NO;
				ENABLE_STRICT_OBJC_MSGSEND = YES;
				GCC_C_LANGUAGE_STANDARD = gnu99;
				GCC_NO_COMMON_BLOCKS = YES;
				GCC_WARN_64_TO_32_BIT_CONVERSION = YES;
				GCC_WARN_ABOUT_RETURN_TYPE = YES_ERROR;
				GCC_WARN_UNDECLARED_SELECTOR = YES;
				GCC_WARN_UNINITIALIZED_AUTOS = YES_AGGRESSIVE;
				GCC_WARN_UNUSED_FUNCTION = YES;
				GCC_WARN_UNUSED_VARIABLE = YES;
				IPHONEOS_DEPLOYMENT_TARGET = 9.3;
				MTL_ENABLE_DEBUG_INFO = NO;
				SDKROOT = iphoneos;
				VALIDATE_PRODUCT = YES;
			};
			name = Release;
		};
		686CCDED1D332D6E00F24328 /* Debug */ = {
			isa = XCBuildConfiguration;
			buildSettings = {
				ASSETCATALOG_COMPILER_APPICON_NAME = AppIcon;
				INFOPLIST_FILE = MyScrollView/Info.plist;
				LD_RUNPATH_SEARCH_PATHS = "$(inherited) @executable_path/Frameworks";
				PRODUCT_BUNDLE_IDENTIFIER = Codeliu.Fire.MyScrollView;
				PRODUCT_NAME = "$(TARGET_NAME)";
				SWIFT_OBJC_BRIDGING_HEADER = "MyScrollView/MyScrollView-Bridging-Header.h";
			};
			name = Debug;
		};
		686CCDEE1D332D6E00F24328 /* Release */ = {
			isa = XCBuildConfiguration;
			buildSettings = {
				ASSETCATALOG_COMPILER_APPICON_NAME = AppIcon;
				INFOPLIST_FILE = MyScrollView/Info.plist;
				LD_RUNPATH_SEARCH_PATHS = "$(inherited) @executable_path/Frameworks";
				PRODUCT_BUNDLE_IDENTIFIER = Codeliu.Fire.MyScrollView;
				PRODUCT_NAME = "$(TARGET_NAME)";
				SWIFT_OBJC_BRIDGING_HEADER = "MyScrollView/MyScrollView-Bridging-Header.h";
			};
			name = Release;
		};
		686CCDF01D332D6E00F24328 /* Debug */ = {
			isa = XCBuildConfiguration;
			buildSettings = {
				BUNDLE_LOADER = "$(TEST_HOST)";
				INFOPLIST_FILE = MyScrollViewTests/Info.plist;
				LD_RUNPATH_SEARCH_PATHS = "$(inherited) @executable_path/Frameworks @loader_path/Frameworks";
				PRODUCT_BUNDLE_IDENTIFIER = Codeliu.Fire.MyScrollViewTests;
				PRODUCT_NAME = "$(TARGET_NAME)";
				TEST_HOST = "$(BUILT_PRODUCTS_DIR)/MyScrollView.app/MyScrollView";
			};
			name = Debug;
		};
		686CCDF11D332D6E00F24328 /* Release */ = {
			isa = XCBuildConfiguration;
			buildSettings = {
				BUNDLE_LOADER = "$(TEST_HOST)";
				INFOPLIST_FILE = MyScrollViewTests/Info.plist;
				LD_RUNPATH_SEARCH_PATHS = "$(inherited) @executable_path/Frameworks @loader_path/Frameworks";
				PRODUCT_BUNDLE_IDENTIFIER = Codeliu.Fire.MyScrollViewTests;
				PRODUCT_NAME = "$(TARGET_NAME)";
				TEST_HOST = "$(BUILT_PRODUCTS_DIR)/MyScrollView.app/MyScrollView";
			};
			name = Release;
		};
		686CCDF31D332D6E00F24328 /* Debug */ = {
			isa = XCBuildConfiguration;
			buildSettings = {
				INFOPLIST_FILE = MyScrollViewUITests/Info.plist;
				LD_RUNPATH_SEARCH_PATHS = "$(inherited) @executable_path/Frameworks @loader_path/Frameworks";
				PRODUCT_BUNDLE_IDENTIFIER = Codeliu.Fire.MyScrollViewUITests;
				PRODUCT_NAME = "$(TARGET_NAME)";
				TEST_TARGET_NAME = MyScrollView;
			};
			name = Debug;
		};
		686CCDF41D332D6E00F24328 /* Release */ = {
			isa = XCBuildConfiguration;
			buildSettings = {
				INFOPLIST_FILE = MyScrollViewUITests/Info.plist;
				LD_RUNPATH_SEARCH_PATHS = "$(inherited) @executable_path/Frameworks @loader_path/Frameworks";
				PRODUCT_BUNDLE_IDENTIFIER = Codeliu.Fire.MyScrollViewUITests;
				PRODUCT_NAME = "$(TARGET_NAME)";
				TEST_TARGET_NAME = MyScrollView;
			};
			name = Release;
		};
/* End XCBuildConfiguration section */

/* Begin XCConfigurationList section */
		686CCDBF1D332D6E00F24328 /* Build configuration list for PBXProject "MyScrollView" */ = {
			isa = XCConfigurationList;
			buildConfigurations = (
				686CCDEA1D332D6E00F24328 /* Debug */,
				686CCDEB1D332D6E00F24328 /* Release */,
			);
			defaultConfigurationIsVisible = 0;
			defaultConfigurationName = Release;
		};
		686CCDEC1D332D6E00F24328 /* Build configuration list for PBXNativeTarget "MyScrollView" */ = {
			isa = XCConfigurationList;
			buildConfigurations = (
				686CCDED1D332D6E00F24328 /* Debug */,
				686CCDEE1D332D6E00F24328 /* Release */,
			);
			defaultConfigurationIsVisible = 0;
		};
		686CCDEF1D332D6E00F24328 /* Build configuration list for PBXNativeTarget "MyScrollViewTests" */ = {
			isa = XCConfigurationList;
			buildConfigurations = (
				686CCDF01D332D6E00F24328 /* Debug */,
				686CCDF11D332D6E00F24328 /* Release */,
			);
			defaultConfigurationIsVisible = 0;
		};
		686CCDF21D332D6E00F24328 /* Build configuration list for PBXNativeTarget "MyScrollViewUITests" */ = {
			isa = XCConfigurationList;
			buildConfigurations = (
				686CCDF31D332D6E00F24328 /* Debug */,
				686CCDF41D332D6E00F24328 /* Release */,
			);
			defaultConfigurationIsVisible = 0;
		};
/* End XCConfigurationList section */
	};
	rootObject = 686CCDBC1D332D6E00F24328 /* Project object */;
}
